// !$*UTF8*$!
{
	archiveVersion = 1;
	classes = {
	};
	objectVersion = 46;
	objects = {

/* Begin PBXBuildFile section */
		7084E14C1BBA7B890069089A /* AppDelegate.swift in Sources */ = {isa = PBXBuildFile; fileRef = 7084E14B1BBA7B890069089A /* AppDelegate.swift */; };
		7084E14E1BBA7B890069089A /* ViewController.swift in Sources */ = {isa = PBXBuildFile; fileRef = 7084E14D1BBA7B890069089A /* ViewController.swift */; };
		7084E1511BBA7B890069089A /* Main.storyboard in Resources */ = {isa = PBXBuildFile; fileRef = 7084E14F1BBA7B890069089A /* Main.storyboard */; };
		7084E1531BBA7B890069089A /* Assets.xcassets in Resources */ = {isa = PBXBuildFile; fileRef = 7084E1521BBA7B890069089A /* Assets.xcassets */; };
		7084E1561BBA7B890069089A /* LaunchScreen.storyboard in Resources */ = {isa = PBXBuildFile; fileRef = 7084E1541BBA7B890069089A /* LaunchScreen.storyboard */; };
/* End PBXBuildFile section */

/* Begin PBXFileReference section */
		7084E1481BBA7B890069089A /* XCSDemo.app */ = {isa = PBXFileReference; explicitFileType = wrapper.application; includeInIndex = 0; path = XCSDemo.app; sourceTree = BUILT_PRODUCTS_DIR; };
		7084E14B1BBA7B890069089A /* AppDelegate.swift */ = {isa = PBXFileReference; lastKnownFileType = sourcecode.swift; path = AppDelegate.swift; sourceTree = "<group>"; };
		7084E14D1BBA7B890069089A /* ViewController.swift */ = {isa = PBXFileReference; lastKnownFileType = sourcecode.swift; path = ViewController.swift; sourceTree = "<group>"; };
		7084E1501BBA7B890069089A /* Base */ = {isa = PBXFileReference; lastKnownFileType = file.storyboard; name = Base; path = Base.lproj/Main.storyboard; sourceTree = "<group>"; };
		7084E1521BBA7B890069089A /* Assets.xcassets */ = {isa = PBXFileReference; lastKnownFileType = folder.assetcatalog; path = Assets.xcassets; sourceTree = "<group>"; };
		7084E1551BBA7B890069089A /* Base */ = {isa = PBXFileReference; lastKnownFileType = file.storyboard; name = Base; path = Base.lproj/LaunchScreen.storyboard; sourceTree = "<group>"; };
		7084E1571BBA7B890069089A /* Info.plist */ = {isa = PBXFileReference; lastKnownFileType = text.plist.xml; path = Info.plist; sourceTree = "<group>"; };
/* End PBXFileReference section */

/* Begin PBXFrameworksBuildPhase section */
		7084E1451BBA7B890069089A /* Frameworks */ = {
			isa = PBXFrameworksBuildPhase;
			buildActionMask = 2147483647;
			files = (
			);
			runOnlyForDeploymentPostprocessing = 0;
		};
/* End PBXFrameworksBuildPhase section */

/* Begin PBXGroup section */
		7084E13F1BBA7B890069089A = {
			isa = PBXGroup;
			children = (
				7084E14A1BBA7B890069089A /* XCSDemo */,
				7084E1491BBA7B890069089A /* Products */,
			);
			sourceTree = "<group>";
		};
		7084E1491BBA7B890069089A /* Products */ = {
			isa = PBXGroup;
			children = (
				7084E1481BBA7B890069089A /* XCSDemo.app */,
			);
			name = Products;
			sourceTree = "<group>";
		};
		7084E14A1BBA7B890069089A /* XCSDemo */ = {
			isa = PBXGroup;
			children = (
				7084E14B1BBA7B890069089A /* AppDelegate.swift */,
				7084E14D1BBA7B890069089A /* ViewController.swift */,
				7084E14F1BBA7B890069089A /* Main.storyboard */,
				7084E1521BBA7B890069089A /* Assets.xcassets */,
				7084E1541BBA7B890069089A /* LaunchScreen.storyboard */,
				7084E1571BBA7B890069089A /* Info.plist */,
			);
			path = XCSDemo;
			sourceTree = "<group>";
		};
/* End PBXGroup section */

/* Begin PBXNativeTarget section */
		7084E1471BBA7B890069089A /* XCSDemo */ = {
			isa = PBXNativeTarget;
			buildConfigurationList = 7084E15A1BBA7B890069089A /* Build configuration list for PBXNativeTarget "XCSDemo" */;
			buildPhases = (
				7084E1441BBA7B890069089A /* Sources */,
				7084E1451BBA7B890069089A /* Frameworks */,
				7084E1461BBA7B890069089A /* Resources */,
			);
			buildRules = (
			);
			dependencies = (
			);
			name = XCSDemo;
			productName = XCSDemo;
			productReference = 7084E1481BBA7B890069089A /* XCSDemo.app */;
			productType = "com.apple.product-type.application";
		};
/* End PBXNativeTarget section */

/* Begin PBXProject section */
		7084E1401BBA7B890069089A /* Project object */ = {
			isa = PBXProject;
			attributes = {
				LastUpgradeCheck = 0710;
				TargetAttributes = {
					7084E1471BBA7B890069089A = {
						CreatedOnToolsVersion = 7.1;
					};
				};
			};
			buildConfigurationList = 7084E1431BBA7B890069089A /* Build configuration list for PBXProject "XCSDemo" */;
			compatibilityVersion = "Xcode 3.2";
			developmentRegion = English;
			hasScannedForEncodings = 0;
			knownRegions = (
				en,
				Base,
			);
			mainGroup = 7084E13F1BBA7B890069089A;
			productRefGroup = 7084E1491BBA7B890069089A /* Products */;
			projectDirPath = "";
			projectRoot = "";
			targets = (
				7084E1471BBA7B890069089A /* XCSDemo */,
			);
		};
/* End PBXProject section */

/* Begin PBXResourcesBuildPhase section */
		7084E1461BBA7B890069089A /* Resources */ = {
			isa = PBXResourcesBuildPhase;
			buildActionMask = 2147483647;
			files = (
				7084E1561BBA7B890069089A /* LaunchScreen.storyboard in Resources */,
				7084E1531BBA7B890069089A /* Assets.xcassets in Resources */,
				7084E1511BBA7B890069089A /* Main.storyboard in Resources */,
			);
			runOnlyForDeploymentPostprocessing = 0;
		};
/* End PBXResourcesBuildPhase section */

/* Begin PBXSourcesBuildPhase section */
		7084E1441BBA7B890069089A /* Sources */ = {
			isa = PBXSourcesBuildPhase;
			buildActionMask = 2147483647;
			files = (
				7084E14E1BBA7B890069089A /* ViewController.swift in Sources */,
				7084E14C1BBA7B890069089A /* AppDelegate.swift in Sources */,
			);
			runOnlyForDeploymentPostprocessing = 0;
		};
/* End PBXSourcesBuildPhase section */

/* Begin PBXVariantGroup section */
		7084E14F1BBA7B890069089A /* Main.storyboard */ = {
			isa = PBXVariantGroup;
			children = (
				7084E1501BBA7B890069089A /* Base */,
			);
			name = Main.storyboard;
			sourceTree = "<group>";
		};
		7084E1541BBA7B890069089A /* LaunchScreen.storyboard */ = {
			isa = PBXVariantGroup;
			children = (
				7084E1551BBA7B890069089A /* Base */,
			);
			name = LaunchScreen.storyboard;
			sourceTree = "<group>";
		};
/* End PBXVariantGroup section */

/* Begin XCBuildConfiguration section */
		7084E1581BBA7B890069089A /* Debug */ = {
			isa = XCBuildConfiguration;
			buildSettings = {
				ALWAYS_SEARCH_USER_PATHS = NO;
				CLANG_CXX_LANGUAGE_STANDARD = "gnu++0x";
				CLANG_CXX_LIBRARY = "libc++";
				CLANG_ENABLE_MODULES = YES;
				CLANG_ENABLE_OBJC_ARC = YES;
				CLANG_WARN_BOOL_CONVERSION = YES;
				CLANG_WARN_CONSTANT_CONVERSION = YES;
				CLANG_WARN_DIRECT_OBJC_ISA_USAGE = YES_ERROR;
				CLANG_WARN_EMPTY_BODY = YES;
				CLANG_WARN_ENUM_CONVERSION = YES;
				CLANG_WARN_INT_CONVERSION = YES;
				CLANG_WARN_OBJC_ROOT_CLASS = YES_ERROR;
				CLANG_WARN_UNREACHABLE_CODE = YES;
				CLANG_WARN__DUPLICATE_METHOD_MATCH = YES;
				"CODE_SIGN_IDENTITY[sdk=iphoneos*]" = "iPhone Developer";
				COPY_PHASE_STRIP = NO;
				DEBUG_INFORMATION_FORMAT = dwarf;
				ENABLE_STRICT_OBJC_MSGSEND = YES;
				ENABLE_TESTABILITY = YES;
				GCC_C_LANGUAGE_STANDARD = gnu99;
				GCC_DYNAMIC_NO_PIC = NO;
				GCC_NO_COMMON_BLOCKS = YES;
				GCC_OPTIMIZATION_LEVEL = 0;
				GCC_PREPROCESSOR_DEFINITIONS = (
					"DEBUG=1",
					"$(inherited)",
				);
				GCC_WARN_64_TO_32_BIT_CONVERSION = YES;
				GCC_WARN_ABOUT_RETURN_TYPE = YES_ERROR;
				GCC_WARN_UNDECLARED_SELECTOR = YES;
				GCC_WARN_UNINITIALIZED_AUTOS = YES_AGGRESSIVE;
				GCC_WARN_UNUSED_FUNCTION = YES;
				GCC_WARN_UNUSED_VARIABLE = YES;
				IPHONEOS_DEPLOYMENT_TARGET = 9.1;
				MTL_ENABLE_DEBUG_INFO = YES;
				ONLY_ACTIVE_ARCH = YES;
				SDKROOT = iphoneos;
				SWIFT_OPTIMIZATION_LEVEL = "-Onone";
			};
			name = Debug;
		};
		7084E1591BBA7B890069089A /* Release */ = {
			isa = XCBuildConfiguration;
			buildSettings = {
				ALWAYS_SEARCH_USER_PATHS = NO;
				CLANG_CXX_LANGUAGE_STANDARD = "gnu++0x";
				CLANG_CXX_LIBRARY = "libc++";
				CLANG_ENABLE_MODULES = YES;
				CLANG_ENABLE_OBJC_ARC = YES;
				CLANG_WARN_BOOL_CONVERSION = YES;
				CLANG_WARN_CONSTANT_CONVERSION = YES;
				CLANG_WARN_DIRECT_OBJC_ISA_USAGE = YES_ERROR;
				CLANG_WARN_EMPTY_BODY = YES;
				CLANG_WARN_ENUM_CONVERSION = YES;
				CLANG_WARN_INT_CONVERSION = YES;
				CLANG_WARN_OBJC_ROOT_CLASS = YES_ERROR;
				CLANG_WARN_UNREACHABLE_CODE = YES;
				CLANG_WARN__DUPLICATE_METHOD_MATCH = YES;
				"CODE_SIGN_IDENTITY[sdk=iphoneos*]" = "iPhone Developer";
				COPY_PHASE_STRIP = NO;
				DEBUG_INFORMATION_FORMAT = "dwarf-with-dsym";
				ENABLE_NS_ASSERTIONS = NO;
				ENABLE_STRICT_OBJC_MSGSEND = YES;
				GCC_C_LANGUAGE_STANDARD = gnu99;
				GCC_NO_COMMON_BLOCKS = YES;
				GCC_WARN_64_TO_32_BIT_CONVERSION = YES;
				GCC_WARN_ABOUT_RETURN_TYPE = YES_ERROR;
				GCC_WARN_UNDECLARED_SELECTOR = YES;
				GCC_WARN_UNINITIALIZED_AUTOS = YES_AGGRESSIVE;
				GCC_WARN_UNUSED_FUNCTION = YES;
				GCC_WARN_UNUSED_VARIABLE = YES;
				IPHONEOS_DEPLOYMENT_TARGET = 9.1;
				MTL_ENABLE_DEBUG_INFO = NO;
				SDKROOT = iphoneos;
				VALIDATE_PRODUCT = YES;
			};
			name = Release;
		};
		7084E15B1BBA7B890069089A /* Debug */ = {
			isa = XCBuildConfiguration;
			buildSettings = {
				ASSETCATALOG_COMPILER_APPICON_NAME = AppIcon;
				INFOPLIST_FILE = XCSDemo/Info.plist;
				LD_RUNPATH_SEARCH_PATHS = "$(inherited) @executable_path/Frameworks";
				PRODUCT_BUNDLE_IDENTIFIER = com.zajac.mateusz.XCSDemo;
				PRODUCT_NAME = "$(TARGET_NAME)";
			};
			name = Debug;
		};
		7084E15C1BBA7B890069089A /* Release */ = {
			isa = XCBuildConfiguration;
			buildSettings = {
				ASSETCATALOG_COMPILER_APPICON_NAME = AppIcon;
				INFOPLIST_FILE = XCSDemo/Info.plist;
				LD_RUNPATH_SEARCH_PATHS = "$(inherited) @executable_path/Frameworks";
				PRODUCT_BUNDLE_IDENTIFIER = com.zajac.mateusz.XCSDemo;
				PRODUCT_NAME = "$(TARGET_NAME)";
			};
			name = Release;
		};
/* End XCBuildConfiguration section */

/* Begin XCConfigurationList section */
		7084E1431BBA7B890069089A /* Build configuration list for PBXProject "XCSDemo" */ = {
			isa = XCConfigurationList;
			buildConfigurations = (
				7084E1581BBA7B890069089A /* Debug */,
				7084E1591BBA7B890069089A /* Release */,
			);
			defaultConfigurationIsVisible = 0;
			defaultConfigurationName = Release;
		};
		7084E15A1BBA7B890069089A /* Build configuration list for PBXNativeTarget "XCSDemo" */ = {
			isa = XCConfigurationList;
			buildConfigurations = (
				7084E15B1BBA7B890069089A /* Debug */,
				7084E15C1BBA7B890069089A /* Release */,
			);
			defaultConfigurationIsVisible = 0;
		};
/* End XCConfigurationList section */
	};
	rootObject = 7084E1401BBA7B890069089A /* Project object */;
}
